
Microsoft Visual Studio Solution File, Format Version 12.00
# Visual Studio 2017
Project("{FAE04EC0-301F-11D3-BF4B-00C04F79EFBC}") = "UnityAssetbundlesSample.Plugins", "UnityAssetbundlesSample.Plugins.csproj", "{24ADB1CA-D846-F9F1-AC11-0A4BB72594D0}"
EndProject
Project("{FAE04EC0-301F-11D3-BF4B-00C04F79EFBC}") = "UnityAssetbundlesSample", "UnityAssetbundlesSample.csproj", "{D062FEE2-027E-BCAB-7AC6-200531BFC2C0}"
EndProject
Project("{FAE04EC0-301F-11D3-BF4B-00C04F79EFBC}") = "UnityAssetbundlesSample.Editor", "UnityAssetbundlesSample.Editor.csproj", "{86B051FB-4D8B-FDDA-E8AD-63B4D0EB90B2}"
EndProject
Global
	GlobalSection(SolutionConfigurationPlatforms) = preSolution
		Debug|Any CPU = Debug|Any CPU
		Release|Any CPU = Release|Any CPU
	EndGlobalSection
	GlobalSection(ProjectConfigurationPlatforms) = postSolution
		{24ADB1CA-D846-F9F1-AC11-0A4BB72594D0}.Debug|Any CPU.ActiveCfg = Debug|Any CPU
		{24ADB1CA-D846-F9F1-AC11-0A4BB72594D0}.Debug|Any CPU.Build.0 = Debug|Any CPU
		{24ADB1CA-D846-F9F1-AC11-0A4BB72594D0}.Release|Any CPU.ActiveCfg = Release|Any CPU
		{24ADB1CA-D846-F9F1-AC11-0A4BB72594D0}.Release|Any CPU.Build.0 = Release|Any CPU
		{D062FEE2-027E-BCAB-7AC6-200531BFC2C0}.Debug|Any CPU.ActiveCfg = Debug|Any CPU
		{D062FEE2-027E-BCAB-7AC6-200531BFC2C0}.Debug|Any CPU.Build.0 = Debug|Any CPU
		{D062FEE2-027E-BCAB-7AC6-200531BFC2C0}.Release|Any CPU.ActiveCfg = Release|Any CPU
		{D062FEE2-027E-BCAB-7AC6-200531BFC2C0}.Release|Any CPU.Build.0 = Release|Any CPU
		{86B051FB-4D8B-FDDA-E8AD-63B4D0EB90B2}.Debug|Any CPU.ActiveCfg = Debug|Any CPU
		{86B051FB-4D8B-FDDA-E8AD-63B4D0EB90B2}.Debug|Any CPU.Build.0 = Debug|Any CPU
		{86B051FB-4D8B-FDDA-E8AD-63B4D0EB90B2}.Release|Any CPU.ActiveCfg = Release|Any CPU
		{86B051FB-4D8B-FDDA-E8AD-63B4D0EB90B2}.Release|Any CPU.Build.0 = Release|Any CPU
	EndGlobalSection
	GlobalSection(SolutionProperties) = preSolution
		HideSolutionNode = FALSE
	EndGlobalSection
EndGlobal
