
Microsoft Visual Studio Solution File, Format Version 12.00
# Visual Studio 2017
Project("{FAE04EC0-301F-11D3-BF4B-00C04F79EFBC}") = "UnityAssetbundlesToUniRxSample _git.Plugins", "UnityAssetbundlesToUniRxSample _git.Plugins.csproj", "{15C05F03-845D-9032-2DA0-E6199D02D8F7}"
EndProject
Project("{FAE04EC0-301F-11D3-BF4B-00C04F79EFBC}") = "UnityAssetbundlesToUniRxSample _git", "UnityAssetbundlesToUniRxSample _git.csproj", "{2A0BDFB9-80F2-23EB-E92D-D577B6A5C54A}"
EndProject
Project("{FAE04EC0-301F-11D3-BF4B-00C04F79EFBC}") = "UnityAssetbundlesToUniRxSample _git.Editor", "UnityAssetbundlesToUniRxSample _git.Editor.csproj", "{DDFB00AE-5015-3147-4103-1DA5EBE27C13}"
EndProject
Global
	GlobalSection(SolutionConfigurationPlatforms) = preSolution
		Debug|Any CPU = Debug|Any CPU
		Release|Any CPU = Release|Any CPU
	EndGlobalSection
	GlobalSection(ProjectConfigurationPlatforms) = postSolution
		{15C05F03-845D-9032-2DA0-E6199D02D8F7}.Debug|Any CPU.ActiveCfg = Debug|Any CPU
		{15C05F03-845D-9032-2DA0-E6199D02D8F7}.Debug|Any CPU.Build.0 = Debug|Any CPU
		{15C05F03-845D-9032-2DA0-E6199D02D8F7}.Release|Any CPU.ActiveCfg = Release|Any CPU
		{15C05F03-845D-9032-2DA0-E6199D02D8F7}.Release|Any CPU.Build.0 = Release|Any CPU
		{2A0BDFB9-80F2-23EB-E92D-D577B6A5C54A}.Debug|Any CPU.ActiveCfg = Debug|Any CPU
		{2A0BDFB9-80F2-23EB-E92D-D577B6A5C54A}.Debug|Any CPU.Build.0 = Debug|Any CPU
		{2A0BDFB9-80F2-23EB-E92D-D577B6A5C54A}.Release|Any CPU.ActiveCfg = Release|Any CPU
		{2A0BDFB9-80F2-23EB-E92D-D577B6A5C54A}.Release|Any CPU.Build.0 = Release|Any CPU
		{DDFB00AE-5015-3147-4103-1DA5EBE27C13}.Debug|Any CPU.ActiveCfg = Debug|Any CPU
		{DDFB00AE-5015-3147-4103-1DA5EBE27C13}.Debug|Any CPU.Build.0 = Debug|Any CPU
		{DDFB00AE-5015-3147-4103-1DA5EBE27C13}.Release|Any CPU.ActiveCfg = Release|Any CPU
		{DDFB00AE-5015-3147-4103-1DA5EBE27C13}.Release|Any CPU.Build.0 = Release|Any CPU
	EndGlobalSection
	GlobalSection(SolutionProperties) = preSolution
		HideSolutionNode = FALSE
	EndGlobalSection
EndGlobal
